
Microsoft Visual Studio Solution File, Format Version 12.00
# Visual Studio 14
VisualStudioVersion = 14.0.24720.0
MinimumVisualStudioVersion = 10.0.40219.1
Project("{FAE04EC0-301F-11D3-BF4B-00C04F79EFBC}") = "ClickOnceCustomUriScheme", "ClickOnceCustomUriScheme\ClickOnceCustomUriScheme.csproj", "{1908DD3E-67FD-4EE2-BC8B-90322FCDF35D}"
EndProject
Project("{2150E333-8FDC-42A3-9474-1A3956D46DE8}") = "WebPage", "WebPage", "{B0D57FF8-7500-4DC8-9F6A-A30E2C20F394}"
	ProjectSection(SolutionItems) = preProject
		WebPage\Index.html = WebPage\Index.html
	EndProjectSection
EndProject
Global
	GlobalSection(SolutionConfigurationPlatforms) = preSolution
		Debug|Any CPU = Debug|Any CPU
		Release|Any CPU = Release|Any CPU
	EndGlobalSection
	GlobalSection(ProjectConfigurationPlatforms) = postSolution
		{1908DD3E-67FD-4EE2-BC8B-90322FCDF35D}.Debug|Any CPU.ActiveCfg = Debug|Any CPU
		{1908DD3E-67FD-4EE2-BC8B-90322FCDF35D}.Debug|Any CPU.Build.0 = Debug|Any CPU
		{1908DD3E-67FD-4EE2-BC8B-90322FCDF35D}.Release|Any CPU.ActiveCfg = Release|Any CPU
		{1908DD3E-67FD-4EE2-BC8B-90322FCDF35D}.Release|Any CPU.Build.0 = Release|Any CPU
	EndGlobalSection
	GlobalSection(SolutionProperties) = preSolution
		HideSolutionNode = FALSE
	EndGlobalSection
EndGlobal
